
Microsoft Visual Studio Solution File, Format Version 12.00
# Visual Studio Express 2012 for Windows Phone
Project("{FAE04EC0-301F-11D3-BF4B-00C04F79EFBC}") = "SharpChess", "SharpChess\SharpChess\SharpChess.csproj", "{856FF258-61C4-4420-B5EE-8D3B4BB5CA62}"
EndProject
Project("{96E2B04D-8817-42C6-938A-82C39BA4D311}") = "SharpChessContent", "SharpChess\SharpChessContent\SharpChessContent.contentproj", "{C9ECD14D-77A2-4771-9420-4C78A9E2EAB4}"
EndProject
Global
	GlobalSection(SolutionConfigurationPlatforms) = preSolution
		Debug|Windows Phone = Debug|Windows Phone
		Release|Windows Phone = Release|Windows Phone
	EndGlobalSection
	GlobalSection(ProjectConfigurationPlatforms) = postSolution
		{856FF258-61C4-4420-B5EE-8D3B4BB5CA62}.Debug|Windows Phone.ActiveCfg = Debug|Windows Phone
		{856FF258-61C4-4420-B5EE-8D3B4BB5CA62}.Debug|Windows Phone.Build.0 = Debug|Windows Phone
		{856FF258-61C4-4420-B5EE-8D3B4BB5CA62}.Debug|Windows Phone.Deploy.0 = Debug|Windows Phone
		{856FF258-61C4-4420-B5EE-8D3B4BB5CA62}.Release|Windows Phone.ActiveCfg = Release|Windows Phone
		{856FF258-61C4-4420-B5EE-8D3B4BB5CA62}.Release|Windows Phone.Build.0 = Release|Windows Phone
		{856FF258-61C4-4420-B5EE-8D3B4BB5CA62}.Release|Windows Phone.Deploy.0 = Release|Windows Phone
		{C9ECD14D-77A2-4771-9420-4C78A9E2EAB4}.Debug|Windows Phone.ActiveCfg = Debug|Windows Phone
		{C9ECD14D-77A2-4771-9420-4C78A9E2EAB4}.Release|Windows Phone.ActiveCfg = Release|Windows Phone
	EndGlobalSection
	GlobalSection(SolutionProperties) = preSolution
		HideSolutionNode = FALSE
	EndGlobalSection
EndGlobal
